
Microsoft Visual Studio Solution File, Format Version 12.00
# Visual Studio Version 16
VisualStudioVersion = 16.0.30413.136
MinimumVisualStudioVersion = 10.0.40219.1
Project("{FAE04EC0-301F-11D3-BF4B-00C04F79EFBC}") = "SalaryAssist", "SalaryAssist\SalaryAssist.csproj", "{36F47C83-6256-4F6D-B12E-A022B7AB78FF}"
EndProject
Global
	GlobalSection(SolutionConfigurationPlatforms) = preSolution
		Debug|Any CPU = Debug|Any CPU
		Release|Any CPU = Release|Any CPU
	EndGlobalSection
	GlobalSection(ProjectConfigurationPlatforms) = postSolution
		{36F47C83-6256-4F6D-B12E-A022B7AB78FF}.Debug|Any CPU.ActiveCfg = Debug|Any CPU
		{36F47C83-6256-4F6D-B12E-A022B7AB78FF}.Debug|Any CPU.Build.0 = Debug|Any CPU
		{36F47C83-6256-4F6D-B12E-A022B7AB78FF}.Release|Any CPU.ActiveCfg = Release|Any CPU
		{36F47C83-6256-4F6D-B12E-A022B7AB78FF}.Release|Any CPU.Build.0 = Release|Any CPU
	EndGlobalSection
	GlobalSection(SolutionProperties) = preSolution
		HideSolutionNode = FALSE
	EndGlobalSection
	GlobalSection(ExtensibilityGlobals) = postSolution
		SolutionGuid = {5B8FC98A-9DEC-4F18-96A1-4DE2126CA48E}
	EndGlobalSection
EndGlobal
